// !$*UTF8*$!
{
	archiveVersion = 1;
	classes = {
	};
	objectVersion = 50;
	objects = {

/* Begin PBXBuildFile section */
		A92DDB53270F77EC00135B58 /* AppDelegate.swift in Sources */ = {isa = PBXBuildFile; fileRef = A92DDB52270F77EC00135B58 /* AppDelegate.swift */; };
		A92DDB55270F77EC00135B58 /* SceneDelegate.swift in Sources */ = {isa = PBXBuildFile; fileRef = A92DDB54270F77EC00135B58 /* SceneDelegate.swift */; };
		A92DDB57270F77EC00135B58 /* MainViewController.swift in Sources */ = {isa = PBXBuildFile; fileRef = A92DDB56270F77EC00135B58 /* MainViewController.swift */; };
		A92DDB5A270F77EC00135B58 /* Main.storyboard in Resources */ = {isa = PBXBuildFile; fileRef = A92DDB58270F77EC00135B58 /* Main.storyboard */; };
		A92DDB5C270F77F100135B58 /* Assets.xcassets in Resources */ = {isa = PBXBuildFile; fileRef = A92DDB5B270F77F100135B58 /* Assets.xcassets */; };
		A92DDB5F270F77F100135B58 /* LaunchScreen.storyboard in Resources */ = {isa = PBXBuildFile; fileRef = A92DDB5D270F77F100135B58 /* LaunchScreen.storyboard */; };
		A9DB6620271335900017E3B4 /* CircleView.swift in Sources */ = {isa = PBXBuildFile; fileRef = A9DB661F271335900017E3B4 /* CircleView.swift */; };
		A9DB66222713725B0017E3B4 /* TagView.swift in Sources */ = {isa = PBXBuildFile; fileRef = A9DB66212713725B0017E3B4 /* TagView.swift */; };
		A9DB6629271463300017E3B4 /* CustomTabBarContoller.swift in Sources */ = {isa = PBXBuildFile; fileRef = A9DB6628271463300017E3B4 /* CustomTabBarContoller.swift */; };
		A9DB662D27148F870017E3B4 /* CurrentTaskViewController.swift in Sources */ = {isa = PBXBuildFile; fileRef = A9DB662C27148F870017E3B4 /* CurrentTaskViewController.swift */; };
		A9DB66172712E38B0017E3B4 /* Task.swift in Sources */ = {isa = PBXBuildFile; fileRef = A9DB66162712E38B0017E3B4 /* Task.swift */; };
		A9DB66192712E3D20017E3B4 /* Tag.swift in Sources */ = {isa = PBXBuildFile; fileRef = A9DB66182712E3D20017E3B4 /* Tag.swift */; };
		A9DB661B2712F4370017E3B4 /* Structures.swift in Sources */ = {isa = PBXBuildFile; fileRef = A9DB661A2712F4370017E3B4 /* Structures.swift */; };
		A9DB661D2712F6870017E3B4 /* TaskContainer.swift in Sources */ = {isa = PBXBuildFile; fileRef = A9DB661C2712F6870017E3B4 /* TaskContainer.swift */; };
		E12C0DA22E5DAE2FB2E19D57 /* Pods_TimePad_Time_Tracker.framework in Frameworks */ = {isa = PBXBuildFile; fileRef = 9DF34B473E233F1DE6C33546 /* Pods_TimePad_Time_Tracker.framework */; };
/* End PBXBuildFile section */

/* Begin PBXFileReference section */
		5E20E1A7B589E9227E4B250B /* Pods-TimePad-Time-Tracker.release.xcconfig */ = {isa = PBXFileReference; includeInIndex = 1; lastKnownFileType = text.xcconfig; name = "Pods-TimePad-Time-Tracker.release.xcconfig"; path = "Target Support Files/Pods-TimePad-Time-Tracker/Pods-TimePad-Time-Tracker.release.xcconfig"; sourceTree = "<group>"; };
		7F0D30755D3CF1EEF2BE1B66 /* Pods-TimePad-Time-Tracker.debug.xcconfig */ = {isa = PBXFileReference; includeInIndex = 1; lastKnownFileType = text.xcconfig; name = "Pods-TimePad-Time-Tracker.debug.xcconfig"; path = "Target Support Files/Pods-TimePad-Time-Tracker/Pods-TimePad-Time-Tracker.debug.xcconfig"; sourceTree = "<group>"; };
		9DF34B473E233F1DE6C33546 /* Pods_TimePad_Time_Tracker.framework */ = {isa = PBXFileReference; explicitFileType = wrapper.framework; includeInIndex = 0; path = Pods_TimePad_Time_Tracker.framework; sourceTree = BUILT_PRODUCTS_DIR; };
		A92DDB4F270F77EC00135B58 /* TimePad-Time-Tracker.app */ = {isa = PBXFileReference; explicitFileType = wrapper.application; includeInIndex = 0; path = "TimePad-Time-Tracker.app"; sourceTree = BUILT_PRODUCTS_DIR; };
		A92DDB52270F77EC00135B58 /* AppDelegate.swift */ = {isa = PBXFileReference; lastKnownFileType = sourcecode.swift; path = AppDelegate.swift; sourceTree = "<group>"; };
		A92DDB54270F77EC00135B58 /* SceneDelegate.swift */ = {isa = PBXFileReference; lastKnownFileType = sourcecode.swift; path = SceneDelegate.swift; sourceTree = "<group>"; };
		A92DDB56270F77EC00135B58 /* MainViewController.swift */ = {isa = PBXFileReference; lastKnownFileType = sourcecode.swift; path = MainViewController.swift; sourceTree = "<group>"; };
		A92DDB59270F77EC00135B58 /* Base */ = {isa = PBXFileReference; lastKnownFileType = file.storyboard; name = Base; path = Base.lproj/Main.storyboard; sourceTree = "<group>"; };
		A92DDB5B270F77F100135B58 /* Assets.xcassets */ = {isa = PBXFileReference; lastKnownFileType = folder.assetcatalog; path = Assets.xcassets; sourceTree = "<group>"; };
		A92DDB5E270F77F100135B58 /* Base */ = {isa = PBXFileReference; lastKnownFileType = file.storyboard; name = Base; path = Base.lproj/LaunchScreen.storyboard; sourceTree = "<group>"; };
		A92DDB60270F77F100135B58 /* Info.plist */ = {isa = PBXFileReference; lastKnownFileType = text.plist.xml; path = Info.plist; sourceTree = "<group>"; };
		A9DB661F271335900017E3B4 /* CircleView.swift */ = {isa = PBXFileReference; lastKnownFileType = sourcecode.swift; path = CircleView.swift; sourceTree = "<group>"; };
		A9DB66212713725B0017E3B4 /* TagView.swift */ = {isa = PBXFileReference; lastKnownFileType = sourcecode.swift; path = TagView.swift; sourceTree = "<group>"; };
		A9DB6628271463300017E3B4 /* CustomTabBarContoller.swift */ = {isa = PBXFileReference; lastKnownFileType = sourcecode.swift; path = CustomTabBarContoller.swift; sourceTree = "<group>"; };
		A9DB662C27148F870017E3B4 /* CurrentTaskViewController.swift */ = {isa = PBXFileReference; lastKnownFileType = sourcecode.swift; path = CurrentTaskViewController.swift; sourceTree = "<group>"; };
		A9DB66162712E38B0017E3B4 /* Task.swift */ = {isa = PBXFileReference; lastKnownFileType = sourcecode.swift; path = Task.swift; sourceTree = "<group>"; };
		A9DB66182712E3D20017E3B4 /* Tag.swift */ = {isa = PBXFileReference; lastKnownFileType = sourcecode.swift; path = Tag.swift; sourceTree = "<group>"; };
		A9DB661A2712F4370017E3B4 /* Structures.swift */ = {isa = PBXFileReference; lastKnownFileType = sourcecode.swift; path = Structures.swift; sourceTree = "<group>"; };
		A9DB661C2712F6870017E3B4 /* TaskContainer.swift */ = {isa = PBXFileReference; lastKnownFileType = sourcecode.swift; path = TaskContainer.swift; sourceTree = "<group>"; };
/* End PBXFileReference section */

/* Begin PBXFrameworksBuildPhase section */
		A92DDB4C270F77EC00135B58 /* Frameworks */ = {
			isa = PBXFrameworksBuildPhase;
			buildActionMask = 2147483647;
			files = (
				E12C0DA22E5DAE2FB2E19D57 /* Pods_TimePad_Time_Tracker.framework in Frameworks */,
			);
			runOnlyForDeploymentPostprocessing = 0;
		};
/* End PBXFrameworksBuildPhase section */

/* Begin PBXGroup section */
		A2448A925DF7175EB634BBA8 /* Frameworks */ = {
			isa = PBXGroup;
			children = (
				9DF34B473E233F1DE6C33546 /* Pods_TimePad_Time_Tracker.framework */,
			);
			name = Frameworks;
			sourceTree = "<group>";
		};
		A92DDB46270F77EC00135B58 = {
			isa = PBXGroup;
			children = (
				A92DDB51270F77EC00135B58 /* TimePad-Time-Tracker */,
				A92DDB50270F77EC00135B58 /* Products */,
				B9215EFA9834CE99529A8392 /* Pods */,
				A2448A925DF7175EB634BBA8 /* Frameworks */,
			);
			sourceTree = "<group>";
		};
		A92DDB50270F77EC00135B58 /* Products */ = {
			isa = PBXGroup;
			children = (
				A92DDB4F270F77EC00135B58 /* TimePad-Time-Tracker.app */,
			);
			name = Products;
			sourceTree = "<group>";
		};
		A92DDB51270F77EC00135B58 /* TimePad-Time-Tracker */ = {
			isa = PBXGroup;
			children = (
				A9DB6627271462EE0017E3B4 /* ViewController */,
				A9DB661E2713356C0017E3B4 /* View */,
				A9DB66152712E3550017E3B4 /* Model */,
				A92DDB52270F77EC00135B58 /* AppDelegate.swift */,
				A92DDB54270F77EC00135B58 /* SceneDelegate.swift */,
				A92DDB58270F77EC00135B58 /* Main.storyboard */,
				A92DDB5B270F77F100135B58 /* Assets.xcassets */,
				A92DDB5D270F77F100135B58 /* LaunchScreen.storyboard */,
				A92DDB60270F77F100135B58 /* Info.plist */,
			);
			path = "TimePad-Time-Tracker";
			sourceTree = "<group>";
		};
		A9DB661E2713356C0017E3B4 /* View */ = {
			isa = PBXGroup;
			children = (
				A9DB661F271335900017E3B4 /* CircleView.swift */,
				A9DB66212713725B0017E3B4 /* TagView.swift */,
			);
			path = View;
			sourceTree = "<group>";
		};
		A9DB6627271462EE0017E3B4 /* ViewController */ = {
			isa = PBXGroup;
			children = (
				A92DDB56270F77EC00135B58 /* MainViewController.swift */,
				A9DB6628271463300017E3B4 /* CustomTabBarContoller.swift */,
				A9DB662C27148F870017E3B4 /* CurrentTaskViewController.swift */,
			);
			path = ViewController;
		A9DB66152712E3550017E3B4 /* Model */ = {
			isa = PBXGroup;
			children = (
				A9DB66162712E38B0017E3B4 /* Task.swift */,
				A9DB661C2712F6870017E3B4 /* TaskContainer.swift */,
				A9DB66182712E3D20017E3B4 /* Tag.swift */,
				A9DB661A2712F4370017E3B4 /* Structures.swift */,
			);
			path = Model;
			sourceTree = "<group>";
		};
		B9215EFA9834CE99529A8392 /* Pods */ = {
			isa = PBXGroup;
			children = (
				7F0D30755D3CF1EEF2BE1B66 /* Pods-TimePad-Time-Tracker.debug.xcconfig */,
				5E20E1A7B589E9227E4B250B /* Pods-TimePad-Time-Tracker.release.xcconfig */,
			);
			path = Pods;
			sourceTree = "<group>";
		};
/* End PBXGroup section */

/* Begin PBXNativeTarget section */
		A92DDB4E270F77EC00135B58 /* TimePad-Time-Tracker */ = {
			isa = PBXNativeTarget;
			buildConfigurationList = A92DDB63270F77F100135B58 /* Build configuration list for PBXNativeTarget "TimePad-Time-Tracker" */;
			buildPhases = (
				2D8B911AA9C035BEDB222A97 /* [CP] Check Pods Manifest.lock */,
				A92DDB4B270F77EC00135B58 /* Sources */,
				A92DDB4C270F77EC00135B58 /* Frameworks */,
				A92DDB4D270F77EC00135B58 /* Resources */,
				A92DDB66270F7BBF00135B58 /* ShellScript */,
			);
			buildRules = (
			);
			dependencies = (
			);
			name = "TimePad-Time-Tracker";
			productName = "TimePad-Time-Tracker";
			productReference = A92DDB4F270F77EC00135B58 /* TimePad-Time-Tracker.app */;
			productType = "com.apple.product-type.application";
		};
/* End PBXNativeTarget section */

/* Begin PBXProject section */
		A92DDB47270F77EC00135B58 /* Project object */ = {
			isa = PBXProject;
			attributes = {
				LastSwiftUpdateCheck = 1250;
				LastUpgradeCheck = 1250;
				TargetAttributes = {
					A92DDB4E270F77EC00135B58 = {
						CreatedOnToolsVersion = 12.5.1;
					};
				};
			};
			buildConfigurationList = A92DDB4A270F77EC00135B58 /* Build configuration list for PBXProject "TimePad-Time-Tracker" */;
			compatibilityVersion = "Xcode 9.3";
			developmentRegion = en;
			hasScannedForEncodings = 0;
			knownRegions = (
				en,
				Base,
			);
			mainGroup = A92DDB46270F77EC00135B58;
			productRefGroup = A92DDB50270F77EC00135B58 /* Products */;
			projectDirPath = "";
			projectRoot = "";
			targets = (
				A92DDB4E270F77EC00135B58 /* TimePad-Time-Tracker */,
			);
		};
/* End PBXProject section */

/* Begin PBXResourcesBuildPhase section */
		A92DDB4D270F77EC00135B58 /* Resources */ = {
			isa = PBXResourcesBuildPhase;
			buildActionMask = 2147483647;
			files = (
				A92DDB5F270F77F100135B58 /* LaunchScreen.storyboard in Resources */,
				A92DDB5C270F77F100135B58 /* Assets.xcassets in Resources */,
				A92DDB5A270F77EC00135B58 /* Main.storyboard in Resources */,
			);
			runOnlyForDeploymentPostprocessing = 0;
		};
/* End PBXResourcesBuildPhase section */

/* Begin PBXShellScriptBuildPhase section */
		2D8B911AA9C035BEDB222A97 /* [CP] Check Pods Manifest.lock */ = {
			isa = PBXShellScriptBuildPhase;
			buildActionMask = 2147483647;
			files = (
			);
			inputFileListPaths = (
			);
			inputPaths = (
				"${PODS_PODFILE_DIR_PATH}/Podfile.lock",
				"${PODS_ROOT}/Manifest.lock",
			);
			name = "[CP] Check Pods Manifest.lock";
			outputFileListPaths = (
			);
			outputPaths = (
				"$(DERIVED_FILE_DIR)/Pods-TimePad-Time-Tracker-checkManifestLockResult.txt",
			);
			runOnlyForDeploymentPostprocessing = 0;
			shellPath = /bin/sh;
			shellScript = "diff \"${PODS_PODFILE_DIR_PATH}/Podfile.lock\" \"${PODS_ROOT}/Manifest.lock\" > /dev/null\nif [ $? != 0 ] ; then\n    # print error to STDERR\n    echo \"error: The sandbox is not in sync with the Podfile.lock. Run 'pod install' or update your CocoaPods installation.\" >&2\n    exit 1\nfi\n# This output is used by Xcode 'outputs' to avoid re-running this script phase.\necho \"SUCCESS\" > \"${SCRIPT_OUTPUT_FILE_0}\"\n";
			showEnvVarsInLog = 0;
		};
		A92DDB66270F7BBF00135B58 /* ShellScript */ = {
			isa = PBXShellScriptBuildPhase;
			buildActionMask = 2147483647;
			files = (
			);
			inputFileListPaths = (
			);
			inputPaths = (
			);
			outputFileListPaths = (
			);
			outputPaths = (
			);
			runOnlyForDeploymentPostprocessing = 0;
			shellPath = /bin/sh;
			shellScript = "\"${PODS_ROOT}/SwiftLint/swiftlint\"\n";
		};
/* End PBXShellScriptBuildPhase section */

/* Begin PBXSourcesBuildPhase section */
		A92DDB4B270F77EC00135B58 /* Sources */ = {
			isa = PBXSourcesBuildPhase;
			buildActionMask = 2147483647;
			files = (
				A9DB662D27148F870017E3B4 /* CurrentTaskViewController.swift in Sources */,
				A9DB6620271335900017E3B4 /* CircleView.swift in Sources */,
				A9DB6629271463300017E3B4 /* CustomTabBarContoller.swift in Sources */,
				A9DB66222713725B0017E3B4 /* TagView.swift in Sources */,
				A92DDB57270F77EC00135B58 /* MainViewController.swift in Sources */,
				A9DB66172712E38B0017E3B4 /* Task.swift in Sources */,
				A9DB661B2712F4370017E3B4 /* Structures.swift in Sources */,
				A92DDB57270F77EC00135B58 /* ViewController.swift in Sources */,
				A9DB66192712E3D20017E3B4 /* Tag.swift in Sources */,
				A92DDB53270F77EC00135B58 /* AppDelegate.swift in Sources */,
				A9DB661D2712F6870017E3B4 /* TaskContainer.swift in Sources */,
				A92DDB55270F77EC00135B58 /* SceneDelegate.swift in Sources */,
			);
			runOnlyForDeploymentPostprocessing = 0;
		};
/* End PBXSourcesBuildPhase section */

/* Begin PBXVariantGroup section */
		A92DDB58270F77EC00135B58 /* Main.storyboard */ = {
			isa = PBXVariantGroup;
			children = (
				A92DDB59270F77EC00135B58 /* Base */,
			);
			name = Main.storyboard;
			sourceTree = "<group>";
		};
		A92DDB5D270F77F100135B58 /* LaunchScreen.storyboard */ = {
			isa = PBXVariantGroup;
			children = (
				A92DDB5E270F77F100135B58 /* Base */,
			);
			name = LaunchScreen.storyboard;
			sourceTree = "<group>";
		};
/* End PBXVariantGroup section */

/* Begin XCBuildConfiguration section */
		A92DDB61270F77F100135B58 /* Debug */ = {
			isa = XCBuildConfiguration;
			buildSettings = {
				ALWAYS_SEARCH_USER_PATHS = NO;
				CLANG_ANALYZER_NONNULL = YES;
				CLANG_ANALYZER_NUMBER_OBJECT_CONVERSION = YES_AGGRESSIVE;
				CLANG_CXX_LANGUAGE_STANDARD = "gnu++14";
				CLANG_CXX_LIBRARY = "libc++";
				CLANG_ENABLE_MODULES = YES;
				CLANG_ENABLE_OBJC_ARC = YES;
				CLANG_ENABLE_OBJC_WEAK = YES;
				CLANG_WARN_BLOCK_CAPTURE_AUTORELEASING = YES;
				CLANG_WARN_BOOL_CONVERSION = YES;
				CLANG_WARN_COMMA = YES;
				CLANG_WARN_CONSTANT_CONVERSION = YES;
				CLANG_WARN_DEPRECATED_OBJC_IMPLEMENTATIONS = YES;
				CLANG_WARN_DIRECT_OBJC_ISA_USAGE = YES_ERROR;
				CLANG_WARN_DOCUMENTATION_COMMENTS = YES;
				CLANG_WARN_EMPTY_BODY = YES;
				CLANG_WARN_ENUM_CONVERSION = YES;
				CLANG_WARN_INFINITE_RECURSION = YES;
				CLANG_WARN_INT_CONVERSION = YES;
				CLANG_WARN_NON_LITERAL_NULL_CONVERSION = YES;
				CLANG_WARN_OBJC_IMPLICIT_RETAIN_SELF = YES;
				CLANG_WARN_OBJC_LITERAL_CONVERSION = YES;
				CLANG_WARN_OBJC_ROOT_CLASS = YES_ERROR;
				CLANG_WARN_QUOTED_INCLUDE_IN_FRAMEWORK_HEADER = YES;
				CLANG_WARN_RANGE_LOOP_ANALYSIS = YES;
				CLANG_WARN_STRICT_PROTOTYPES = YES;
				CLANG_WARN_SUSPICIOUS_MOVE = YES;
				CLANG_WARN_UNGUARDED_AVAILABILITY = YES_AGGRESSIVE;
				CLANG_WARN_UNREACHABLE_CODE = YES;
				CLANG_WARN__DUPLICATE_METHOD_MATCH = YES;
				COPY_PHASE_STRIP = NO;
				DEBUG_INFORMATION_FORMAT = dwarf;
				ENABLE_STRICT_OBJC_MSGSEND = YES;
				ENABLE_TESTABILITY = YES;
				GCC_C_LANGUAGE_STANDARD = gnu11;
				GCC_DYNAMIC_NO_PIC = NO;
				GCC_NO_COMMON_BLOCKS = YES;
				GCC_OPTIMIZATION_LEVEL = 0;
				GCC_PREPROCESSOR_DEFINITIONS = (
					"DEBUG=1",
					"$(inherited)",
				);
				GCC_WARN_64_TO_32_BIT_CONVERSION = YES;
				GCC_WARN_ABOUT_RETURN_TYPE = YES_ERROR;
				GCC_WARN_UNDECLARED_SELECTOR = YES;
				GCC_WARN_UNINITIALIZED_AUTOS = YES_AGGRESSIVE;
				GCC_WARN_UNUSED_FUNCTION = YES;
				GCC_WARN_UNUSED_VARIABLE = YES;
				IPHONEOS_DEPLOYMENT_TARGET = 14.5;
				MTL_ENABLE_DEBUG_INFO = INCLUDE_SOURCE;
				MTL_FAST_MATH = YES;
				ONLY_ACTIVE_ARCH = YES;
				SDKROOT = iphoneos;
				SWIFT_ACTIVE_COMPILATION_CONDITIONS = DEBUG;
				SWIFT_OPTIMIZATION_LEVEL = "-Onone";
			};
			name = Debug;
		};
		A92DDB62270F77F100135B58 /* Release */ = {
			isa = XCBuildConfiguration;
			buildSettings = {
				ALWAYS_SEARCH_USER_PATHS = NO;
				CLANG_ANALYZER_NONNULL = YES;
				CLANG_ANALYZER_NUMBER_OBJECT_CONVERSION = YES_AGGRESSIVE;
				CLANG_CXX_LANGUAGE_STANDARD = "gnu++14";
				CLANG_CXX_LIBRARY = "libc++";
				CLANG_ENABLE_MODULES = YES;
				CLANG_ENABLE_OBJC_ARC = YES;
				CLANG_ENABLE_OBJC_WEAK = YES;
				CLANG_WARN_BLOCK_CAPTURE_AUTORELEASING = YES;
				CLANG_WARN_BOOL_CONVERSION = YES;
				CLANG_WARN_COMMA = YES;
				CLANG_WARN_CONSTANT_CONVERSION = YES;
				CLANG_WARN_DEPRECATED_OBJC_IMPLEMENTATIONS = YES;
				CLANG_WARN_DIRECT_OBJC_ISA_USAGE = YES_ERROR;
				CLANG_WARN_DOCUMENTATION_COMMENTS = YES;
				CLANG_WARN_EMPTY_BODY = YES;
				CLANG_WARN_ENUM_CONVERSION = YES;
				CLANG_WARN_INFINITE_RECURSION = YES;
				CLANG_WARN_INT_CONVERSION = YES;
				CLANG_WARN_NON_LITERAL_NULL_CONVERSION = YES;
				CLANG_WARN_OBJC_IMPLICIT_RETAIN_SELF = YES;
				CLANG_WARN_OBJC_LITERAL_CONVERSION = YES;
				CLANG_WARN_OBJC_ROOT_CLASS = YES_ERROR;
				CLANG_WARN_QUOTED_INCLUDE_IN_FRAMEWORK_HEADER = YES;
				CLANG_WARN_RANGE_LOOP_ANALYSIS = YES;
				CLANG_WARN_STRICT_PROTOTYPES = YES;
				CLANG_WARN_SUSPICIOUS_MOVE = YES;
				CLANG_WARN_UNGUARDED_AVAILABILITY = YES_AGGRESSIVE;
				CLANG_WARN_UNREACHABLE_CODE = YES;
				CLANG_WARN__DUPLICATE_METHOD_MATCH = YES;
				COPY_PHASE_STRIP = NO;
				DEBUG_INFORMATION_FORMAT = "dwarf-with-dsym";
				ENABLE_NS_ASSERTIONS = NO;
				ENABLE_STRICT_OBJC_MSGSEND = YES;
				GCC_C_LANGUAGE_STANDARD = gnu11;
				GCC_NO_COMMON_BLOCKS = YES;
				GCC_WARN_64_TO_32_BIT_CONVERSION = YES;
				GCC_WARN_ABOUT_RETURN_TYPE = YES_ERROR;
				GCC_WARN_UNDECLARED_SELECTOR = YES;
				GCC_WARN_UNINITIALIZED_AUTOS = YES_AGGRESSIVE;
				GCC_WARN_UNUSED_FUNCTION = YES;
				GCC_WARN_UNUSED_VARIABLE = YES;
				IPHONEOS_DEPLOYMENT_TARGET = 14.5;
				MTL_ENABLE_DEBUG_INFO = NO;
				MTL_FAST_MATH = YES;
				SDKROOT = iphoneos;
				SWIFT_COMPILATION_MODE = wholemodule;
				SWIFT_OPTIMIZATION_LEVEL = "-O";
				VALIDATE_PRODUCT = YES;
			};
			name = Release;
		};
		A92DDB64270F77F100135B58 /* Debug */ = {
			isa = XCBuildConfiguration;
			baseConfigurationReference = 7F0D30755D3CF1EEF2BE1B66 /* Pods-TimePad-Time-Tracker.debug.xcconfig */;
			buildSettings = {
				ASSETCATALOG_COMPILER_APPICON_NAME = AppIcon;
				ASSETCATALOG_COMPILER_GLOBAL_ACCENT_COLOR_NAME = AccentColor;
				CODE_SIGN_STYLE = Automatic;
				DEVELOPMENT_TEAM = Y743CZ57S7;
				INFOPLIST_FILE = "TimePad-Time-Tracker/Info.plist";
				LD_RUNPATH_SEARCH_PATHS = (
					"$(inherited)",
					"@executable_path/Frameworks",
				);
				PRODUCT_BUNDLE_IDENTIFIER = "EF.TimePad-Time-Tracker";
				PRODUCT_NAME = "$(TARGET_NAME)";
				SWIFT_VERSION = 5.0;
				TARGETED_DEVICE_FAMILY = "1,2";
			};
			name = Debug;
		};
		A92DDB65270F77F100135B58 /* Release */ = {
			isa = XCBuildConfiguration;
			baseConfigurationReference = 5E20E1A7B589E9227E4B250B /* Pods-TimePad-Time-Tracker.release.xcconfig */;
			buildSettings = {
				ASSETCATALOG_COMPILER_APPICON_NAME = AppIcon;
				ASSETCATALOG_COMPILER_GLOBAL_ACCENT_COLOR_NAME = AccentColor;
				CODE_SIGN_STYLE = Automatic;
				DEVELOPMENT_TEAM = Y743CZ57S7;
				INFOPLIST_FILE = "TimePad-Time-Tracker/Info.plist";
				LD_RUNPATH_SEARCH_PATHS = (
					"$(inherited)",
					"@executable_path/Frameworks",
				);
				PRODUCT_BUNDLE_IDENTIFIER = "EF.TimePad-Time-Tracker";
				PRODUCT_NAME = "$(TARGET_NAME)";
				SWIFT_VERSION = 5.0;
				TARGETED_DEVICE_FAMILY = "1,2";
			};
			name = Release;
		};
/* End XCBuildConfiguration section */

/* Begin XCConfigurationList section */
		A92DDB4A270F77EC00135B58 /* Build configuration list for PBXProject "TimePad-Time-Tracker" */ = {
			isa = XCConfigurationList;
			buildConfigurations = (
				A92DDB61270F77F100135B58 /* Debug */,
				A92DDB62270F77F100135B58 /* Release */,
			);
			defaultConfigurationIsVisible = 0;
			defaultConfigurationName = Release;
		};
		A92DDB63270F77F100135B58 /* Build configuration list for PBXNativeTarget "TimePad-Time-Tracker" */ = {
			isa = XCConfigurationList;
			buildConfigurations = (
				A92DDB64270F77F100135B58 /* Debug */,
				A92DDB65270F77F100135B58 /* Release */,
			);
			defaultConfigurationIsVisible = 0;
			defaultConfigurationName = Release;
		};
/* End XCConfigurationList section */
	};
	rootObject = A92DDB47270F77EC00135B58 /* Project object */;
}
